// !$*UTF8*$!
{
	archiveVersion = 1;
	classes = {
	};
	objectVersion = 56;
	objects = {

/* Begin PBXBuildFile section */
		7208F44F2AEA72D200248BFD /* loadingAnimationLoading.html in Resources */ = {isa = PBXBuildFile; fileRef = 7208F44E2AEA72D200248BFD /* loadingAnimationLoading.html */; };
		7208F4512AEA733E00248BFD /* loadingAnimationCompleted.html in Resources */ = {isa = PBXBuildFile; fileRef = 7208F4502AEA733E00248BFD /* loadingAnimationCompleted.html */; };
		7208F4532AEA746D00248BFD /* loadingAnimation2.css in Resources */ = {isa = PBXBuildFile; fileRef = 7208F4522AEA746D00248BFD /* loadingAnimation2.css */; };
		7208F4552AEA8BE900248BFD /* 自由廣場轉場.mp4 in Resources */ = {isa = PBXBuildFile; fileRef = 7208F4542AEA8BE900248BFD /* 自由廣場轉場.mp4 */; };
		7208F4582AEA8C5E00248BFD /* 101 世貿轉場.mp4 in Resources */ = {isa = PBXBuildFile; fileRef = 7208F4562AEA8C5D00248BFD /* 101 世貿轉場.mp4 */; };
		7208F4592AEA8C5E00248BFD /* 松菸轉場.mp4 in Resources */ = {isa = PBXBuildFile; fileRef = 7208F4572AEA8C5E00248BFD /* 松菸轉場.mp4 */; };
		721783622AE57690003C0DFF /* Syncopate.ttf in Resources */ = {isa = PBXBuildFile; fileRef = 7277CF532AE57141009F63AB /* Syncopate.ttf */; };
		721783632AE57693003C0DFF /* NotoSansCJKTC.ttf in Resources */ = {isa = PBXBuildFile; fileRef = 7277CF5B2AE572A0009F63AB /* NotoSansCJKTC.ttf */; };
		721783672AE598A6003C0DFF /* NotoSansCJKTCBold.ttf in Resources */ = {isa = PBXBuildFile; fileRef = 721783662AE598A6003C0DFF /* NotoSansCJKTCBold.ttf */; };
		721783692AE598D2003C0DFF /* SyncopateBold.ttf in Resources */ = {isa = PBXBuildFile; fileRef = 721783682AE598D2003C0DFF /* SyncopateBold.ttf */; };
		7223B7A82AE00F2600A763E9 /* AppDelegate.swift in Sources */ = {isa = PBXBuildFile; fileRef = 7223B7A72AE00F2600A763E9 /* AppDelegate.swift */; };
		7223B7AC2AE00F2600A763E9 /* ViewController.swift in Sources */ = {isa = PBXBuildFile; fileRef = 7223B7AB2AE00F2600A763E9 /* ViewController.swift */; };
		7223B7AF2AE00F2600A763E9 /* Main.storyboard in Resources */ = {isa = PBXBuildFile; fileRef = 7223B7AD2AE00F2600A763E9 /* Main.storyboard */; };
		7223B7B82AE0103000A763E9 /* futurescenes.json in Resources */ = {isa = PBXBuildFile; fileRef = 7223B7B72AE0103000A763E9 /* futurescenes.json */; };
		7223B7BA2AE011C700A763E9 /* FutureScene.swift in Sources */ = {isa = PBXBuildFile; fileRef = 7223B7B92AE011C700A763E9 /* FutureScene.swift */; };
		7277CF4D2AE55BD7009F63AB /* ContentView.swift in Sources */ = {isa = PBXBuildFile; fileRef = 7277CF4C2AE55BD7009F63AB /* ContentView.swift */; };
		729552CA2AE78C1400F26BA6 /* loadingAnimationInitializing.html in Resources */ = {isa = PBXBuildFile; fileRef = 729552C82AE78C1400F26BA6 /* loadingAnimationInitializing.html */; };
		729552CB2AE78C1400F26BA6 /* loadingAnimation1.css in Resources */ = {isa = PBXBuildFile; fileRef = 729552C92AE78C1400F26BA6 /* loadingAnimation1.css */; };
		72D68A662AE821DC00732745 /* SelectButton.swift in Sources */ = {isa = PBXBuildFile; fileRef = 72D68A652AE821DC00732745 /* SelectButton.swift */; };
		72EC99712AE8D93C00DFCD79 /* Assets.xcassets in Resources */ = {isa = PBXBuildFile; fileRef = 72EC99702AE8D93C00DFCD79 /* Assets.xcassets */; };
/* End PBXBuildFile section */

/* Begin PBXCopyFilesBuildPhase section */
		722647A32AE164FC004F893A /* Embed Frameworks */ = {
			isa = PBXCopyFilesBuildPhase;
			buildActionMask = 2147483647;
			dstPath = "";
			dstSubfolderSpec = 10;
			files = (
			);
			name = "Embed Frameworks";
			runOnlyForDeploymentPostprocessing = 0;
		};
/* End PBXCopyFilesBuildPhase section */

/* Begin PBXFileReference section */
		7208F44E2AEA72D200248BFD /* loadingAnimationLoading.html */ = {isa = PBXFileReference; fileEncoding = 4; lastKnownFileType = text.html; path = loadingAnimationLoading.html; sourceTree = "<group>"; };
		7208F4502AEA733E00248BFD /* loadingAnimationCompleted.html */ = {isa = PBXFileReference; fileEncoding = 4; lastKnownFileType = text.html; path = loadingAnimationCompleted.html; sourceTree = "<group>"; };
		7208F4522AEA746D00248BFD /* loadingAnimation2.css */ = {isa = PBXFileReference; fileEncoding = 4; lastKnownFileType = text.css; path = loadingAnimation2.css; sourceTree = "<group>"; };
		7208F4542AEA8BE900248BFD /* 自由廣場轉場.mp4 */ = {isa = PBXFileReference; lastKnownFileType = file; path = "自由廣場轉場.mp4"; sourceTree = "<group>"; };
		7208F4562AEA8C5D00248BFD /* 101 世貿轉場.mp4 */ = {isa = PBXFileReference; lastKnownFileType = file; path = "101 世貿轉場.mp4"; sourceTree = "<group>"; };
		7208F4572AEA8C5E00248BFD /* 松菸轉場.mp4 */ = {isa = PBXFileReference; lastKnownFileType = file; path = "松菸轉場.mp4"; sourceTree = "<group>"; };
		721783652AE57C0C003C0DFF /* IDEATHON-ImageReplacement-Info.plist */ = {isa = PBXFileReference; lastKnownFileType = text.plist; path = "IDEATHON-ImageReplacement-Info.plist"; sourceTree = SOURCE_ROOT; };
		721783662AE598A6003C0DFF /* NotoSansCJKTCBold.ttf */ = {isa = PBXFileReference; lastKnownFileType = file; path = NotoSansCJKTCBold.ttf; sourceTree = "<group>"; };
		721783682AE598D2003C0DFF /* SyncopateBold.ttf */ = {isa = PBXFileReference; lastKnownFileType = file; path = SyncopateBold.ttf; sourceTree = "<group>"; };
		7223B7A72AE00F2600A763E9 /* AppDelegate.swift */ = {isa = PBXFileReference; lastKnownFileType = sourcecode.swift; path = AppDelegate.swift; sourceTree = "<group>"; };
		7223B7AB2AE00F2600A763E9 /* ViewController.swift */ = {isa = PBXFileReference; lastKnownFileType = sourcecode.swift; path = ViewController.swift; sourceTree = "<group>"; };
		7223B7AE2AE00F2600A763E9 /* Base */ = {isa = PBXFileReference; lastKnownFileType = file.storyboard; name = Base; path = Base.lproj/Main.storyboard; sourceTree = "<group>"; };
		7223B7B72AE0103000A763E9 /* futurescenes.json */ = {isa = PBXFileReference; fileEncoding = 4; lastKnownFileType = text.json; path = futurescenes.json; sourceTree = "<group>"; };
		7223B7B92AE011C700A763E9 /* FutureScene.swift */ = {isa = PBXFileReference; lastKnownFileType = sourcecode.swift; path = FutureScene.swift; sourceTree = "<group>"; };
		7277CF4C2AE55BD7009F63AB /* ContentView.swift */ = {isa = PBXFileReference; lastKnownFileType = sourcecode.swift; path = ContentView.swift; sourceTree = "<group>"; };
		7277CF532AE57141009F63AB /* Syncopate.ttf */ = {isa = PBXFileReference; lastKnownFileType = file; path = Syncopate.ttf; sourceTree = "<group>"; };
		7277CF5B2AE572A0009F63AB /* NotoSansCJKTC.ttf */ = {isa = PBXFileReference; lastKnownFileType = file; path = NotoSansCJKTC.ttf; sourceTree = "<group>"; };
		7284754A2AE68BC60011E698 /* IDEATHON_ImageReplacement.app */ = {isa = PBXFileReference; explicitFileType = wrapper.application; includeInIndex = 0; path = IDEATHON_ImageReplacement.app; sourceTree = BUILT_PRODUCTS_DIR; };
		729552C82AE78C1400F26BA6 /* loadingAnimationInitializing.html */ = {isa = PBXFileReference; fileEncoding = 4; lastKnownFileType = text.html; path = loadingAnimationInitializing.html; sourceTree = "<group>"; };
		729552C92AE78C1400F26BA6 /* loadingAnimation1.css */ = {isa = PBXFileReference; fileEncoding = 4; lastKnownFileType = text.css; path = loadingAnimation1.css; sourceTree = "<group>"; };
		72D68A652AE821DC00732745 /* SelectButton.swift */ = {isa = PBXFileReference; lastKnownFileType = sourcecode.swift; path = SelectButton.swift; sourceTree = "<group>"; };
		72EC99702AE8D93C00DFCD79 /* Assets.xcassets */ = {isa = PBXFileReference; lastKnownFileType = folder.assetcatalog; path = Assets.xcassets; sourceTree = "<group>"; };
/* End PBXFileReference section */

/* Begin PBXFrameworksBuildPhase section */
		7223B7A12AE00F2600A763E9 /* Frameworks */ = {
			isa = PBXFrameworksBuildPhase;
			buildActionMask = 2147483647;
			files = (
			);
			runOnlyForDeploymentPostprocessing = 0;
		};
/* End PBXFrameworksBuildPhase section */

/* Begin PBXGroup section */
		7223B79B2AE00F2600A763E9 = {
			isa = PBXGroup;
			children = (
				7223B7A62AE00F2600A763E9 /* IDEATHON_ImageReplacement */,
				7284754A2AE68BC60011E698 /* IDEATHON_ImageReplacement.app */,
			);
			sourceTree = "<group>";
		};
		7223B7A62AE00F2600A763E9 /* IDEATHON_ImageReplacement */ = {
			isa = PBXGroup;
			children = (
				721783652AE57C0C003C0DFF /* IDEATHON-ImageReplacement-Info.plist */,
				7277CF522AE57113009F63AB /* Fonts */,
				7223B7A72AE00F2600A763E9 /* AppDelegate.swift */,
				7223B7AB2AE00F2600A763E9 /* ViewController.swift */,
				7223B7AD2AE00F2600A763E9 /* Main.storyboard */,
				7223B7B72AE0103000A763E9 /* futurescenes.json */,
				7223B7B92AE011C700A763E9 /* FutureScene.swift */,
				7277CF4C2AE55BD7009F63AB /* ContentView.swift */,
				729A29042AE65C6D0055160F /* Videos */,
				7208F4502AEA733E00248BFD /* loadingAnimationCompleted.html */,
				729552C82AE78C1400F26BA6 /* loadingAnimationInitializing.html */,
				7208F44E2AEA72D200248BFD /* loadingAnimationLoading.html */,
				729552C92AE78C1400F26BA6 /* loadingAnimation1.css */,
				7208F4522AEA746D00248BFD /* loadingAnimation2.css */,
				72D68A652AE821DC00732745 /* SelectButton.swift */,
				72EC99702AE8D93C00DFCD79 /* Assets.xcassets */,
			);
			path = IDEATHON_ImageReplacement;
			sourceTree = "<group>";
		};
		7277CF522AE57113009F63AB /* Fonts */ = {
			isa = PBXGroup;
			children = (
				7277CF5B2AE572A0009F63AB /* NotoSansCJKTC.ttf */,
				7277CF532AE57141009F63AB /* Syncopate.ttf */,
				721783662AE598A6003C0DFF /* NotoSansCJKTCBold.ttf */,
				721783682AE598D2003C0DFF /* SyncopateBold.ttf */,
			);
			path = Fonts;
			sourceTree = "<group>";
		};
		729A29042AE65C6D0055160F /* Videos */ = {
			isa = PBXGroup;
			children = (
				7208F4542AEA8BE900248BFD /* 自由廣場轉場.mp4 */,
				7208F4562AEA8C5D00248BFD /* 101 世貿轉場.mp4 */,
				7208F4572AEA8C5E00248BFD /* 松菸轉場.mp4 */,
			);
			path = Videos;
			sourceTree = "<group>";
		};
/* End PBXGroup section */

/* Begin PBXNativeTarget section */
		7223B7A32AE00F2600A763E9 /* IDEATHON_ImageReplacement */ = {
			isa = PBXNativeTarget;
			buildConfigurationList = 7223B7B42AE00F2700A763E9 /* Build configuration list for PBXNativeTarget "IDEATHON_ImageReplacement" */;
			buildPhases = (
				7223B7A02AE00F2600A763E9 /* Sources */,
				7223B7A12AE00F2600A763E9 /* Frameworks */,
				7223B7A22AE00F2600A763E9 /* Resources */,
				722647A32AE164FC004F893A /* Embed Frameworks */,
			);
			buildRules = (
			);
			dependencies = (
			);
			name = IDEATHON_ImageReplacement;
			productName = IDEATHON_ImageReplacement;
			productReference = 7284754A2AE68BC60011E698 /* IDEATHON_ImageReplacement.app */;
			productType = "com.apple.product-type.application";
		};
/* End PBXNativeTarget section */

/* Begin PBXProject section */
		7223B79C2AE00F2600A763E9 /* Project object */ = {
			isa = PBXProject;
			attributes = {
				BuildIndependentTargetsInParallel = 1;
				LastSwiftUpdateCheck = 1510;
				LastUpgradeCheck = 1510;
				TargetAttributes = {
					7223B7A32AE00F2600A763E9 = {
						CreatedOnToolsVersion = 15.1;
					};
				};
			};
			buildConfigurationList = 7223B79F2AE00F2600A763E9 /* Build configuration list for PBXProject "IDEATHON_ImageReplacement" */;
			compatibilityVersion = "Xcode 14.0";
			developmentRegion = en;
			hasScannedForEncodings = 0;
			knownRegions = (
				en,
				Base,
			);
			mainGroup = 7223B79B2AE00F2600A763E9;
			productRefGroup = 7223B79B2AE00F2600A763E9;
			projectDirPath = "";
			projectRoot = "";
			targets = (
				7223B7A32AE00F2600A763E9 /* IDEATHON_ImageReplacement */,
			);
		};
/* End PBXProject section */

/* Begin PBXResourcesBuildPhase section */
		7223B7A22AE00F2600A763E9 /* Resources */ = {
			isa = PBXResourcesBuildPhase;
			buildActionMask = 2147483647;
			files = (
				7208F4552AEA8BE900248BFD /* 自由廣場轉場.mp4 in Resources */,
				7208F4532AEA746D00248BFD /* loadingAnimation2.css in Resources */,
				729552CA2AE78C1400F26BA6 /* loadingAnimationInitializing.html in Resources */,
				72EC99712AE8D93C00DFCD79 /* Assets.xcassets in Resources */,
				7208F4582AEA8C5E00248BFD /* 101 世貿轉場.mp4 in Resources */,
				721783692AE598D2003C0DFF /* SyncopateBold.ttf in Resources */,
				721783672AE598A6003C0DFF /* NotoSansCJKTCBold.ttf in Resources */,
				7208F44F2AEA72D200248BFD /* loadingAnimationLoading.html in Resources */,
				721783632AE57693003C0DFF /* NotoSansCJKTC.ttf in Resources */,
				721783622AE57690003C0DFF /* Syncopate.ttf in Resources */,
				7223B7B82AE0103000A763E9 /* futurescenes.json in Resources */,
				729552CB2AE78C1400F26BA6 /* loadingAnimation1.css in Resources */,
				7208F4512AEA733E00248BFD /* loadingAnimationCompleted.html in Resources */,
				7223B7AF2AE00F2600A763E9 /* Main.storyboard in Resources */,
				7208F4592AEA8C5E00248BFD /* 松菸轉場.mp4 in Resources */,
			);
			runOnlyForDeploymentPostprocessing = 0;
		};
/* End PBXResourcesBuildPhase section */

/* Begin PBXSourcesBuildPhase section */
		7223B7A02AE00F2600A763E9 /* Sources */ = {
			isa = PBXSourcesBuildPhase;
			buildActionMask = 2147483647;
			files = (
				7223B7AC2AE00F2600A763E9 /* ViewController.swift in Sources */,
				7223B7A82AE00F2600A763E9 /* AppDelegate.swift in Sources */,
				7277CF4D2AE55BD7009F63AB /* ContentView.swift in Sources */,
				7223B7BA2AE011C700A763E9 /* FutureScene.swift in Sources */,
				72D68A662AE821DC00732745 /* SelectButton.swift in Sources */,
			);
			runOnlyForDeploymentPostprocessing = 0;
		};
/* End PBXSourcesBuildPhase section */

/* Begin PBXVariantGroup section */
		7223B7AD2AE00F2600A763E9 /* Main.storyboard */ = {
			isa = PBXVariantGroup;
			children = (
				7223B7AE2AE00F2600A763E9 /* Base */,
			);
			name = Main.storyboard;
			sourceTree = "<group>";
		};
/* End PBXVariantGroup section */

/* Begin XCBuildConfiguration section */
		7223B7B22AE00F2700A763E9 /* Debug */ = {
			isa = XCBuildConfiguration;
			buildSettings = {
				ALWAYS_SEARCH_USER_PATHS = NO;
				ASSETCATALOG_COMPILER_GENERATE_SWIFT_ASSET_SYMBOL_EXTENSIONS = YES;
				CLANG_ANALYZER_NONNULL = YES;
				CLANG_ANALYZER_NUMBER_OBJECT_CONVERSION = YES_AGGRESSIVE;
				CLANG_CXX_LANGUAGE_STANDARD = "gnu++20";
				CLANG_ENABLE_MODULES = YES;
				CLANG_ENABLE_OBJC_ARC = YES;
				CLANG_ENABLE_OBJC_WEAK = YES;
				CLANG_WARN_BLOCK_CAPTURE_AUTORELEASING = YES;
				CLANG_WARN_BOOL_CONVERSION = YES;
				CLANG_WARN_COMMA = YES;
				CLANG_WARN_CONSTANT_CONVERSION = YES;
				CLANG_WARN_DEPRECATED_OBJC_IMPLEMENTATIONS = YES;
				CLANG_WARN_DIRECT_OBJC_ISA_USAGE = YES_ERROR;
				CLANG_WARN_DOCUMENTATION_COMMENTS = YES;
				CLANG_WARN_EMPTY_BODY = YES;
				CLANG_WARN_ENUM_CONVERSION = YES;
				CLANG_WARN_INFINITE_RECURSION = YES;
				CLANG_WARN_INT_CONVERSION = YES;
				CLANG_WARN_NON_LITERAL_NULL_CONVERSION = YES;
				CLANG_WARN_OBJC_IMPLICIT_RETAIN_SELF = YES;
				CLANG_WARN_OBJC_LITERAL_CONVERSION = YES;
				CLANG_WARN_OBJC_ROOT_CLASS = YES_ERROR;
				CLANG_WARN_QUOTED_INCLUDE_IN_FRAMEWORK_HEADER = YES;
				CLANG_WARN_RANGE_LOOP_ANALYSIS = YES;
				CLANG_WARN_STRICT_PROTOTYPES = YES;
				CLANG_WARN_SUSPICIOUS_MOVE = YES;
				CLANG_WARN_UNGUARDED_AVAILABILITY = YES_AGGRESSIVE;
				CLANG_WARN_UNREACHABLE_CODE = YES;
				CLANG_WARN__DUPLICATE_METHOD_MATCH = YES;
				COPY_PHASE_STRIP = NO;
				DEBUG_INFORMATION_FORMAT = dwarf;
				ENABLE_STRICT_OBJC_MSGSEND = YES;
				ENABLE_TESTABILITY = YES;
				ENABLE_USER_SCRIPT_SANDBOXING = YES;
				GCC_C_LANGUAGE_STANDARD = gnu17;
				GCC_DYNAMIC_NO_PIC = NO;
				GCC_NO_COMMON_BLOCKS = YES;
				GCC_OPTIMIZATION_LEVEL = 0;
				GCC_PREPROCESSOR_DEFINITIONS = (
					"DEBUG=1",
					"$(inherited)",
				);
				GCC_WARN_64_TO_32_BIT_CONVERSION = YES;
				GCC_WARN_ABOUT_RETURN_TYPE = YES_ERROR;
				GCC_WARN_UNDECLARED_SELECTOR = YES;
				GCC_WARN_UNINITIALIZED_AUTOS = YES_AGGRESSIVE;
				GCC_WARN_UNUSED_FUNCTION = YES;
				GCC_WARN_UNUSED_VARIABLE = YES;
				IPHONEOS_DEPLOYMENT_TARGET = 17.0;
				LOCALIZATION_PREFERS_STRING_CATALOGS = YES;
				MTL_ENABLE_DEBUG_INFO = INCLUDE_SOURCE;
				MTL_FAST_MATH = YES;
				ONLY_ACTIVE_ARCH = YES;
				SDKROOT = iphoneos;
				SWIFT_ACTIVE_COMPILATION_CONDITIONS = "DEBUG $(inherited)";
				SWIFT_OPTIMIZATION_LEVEL = "-Onone";
			};
			name = Debug;
		};
		7223B7B32AE00F2700A763E9 /* Release */ = {
			isa = XCBuildConfiguration;
			buildSettings = {
				ALWAYS_SEARCH_USER_PATHS = NO;
				ASSETCATALOG_COMPILER_GENERATE_SWIFT_ASSET_SYMBOL_EXTENSIONS = YES;
				CLANG_ANALYZER_NONNULL = YES;
				CLANG_ANALYZER_NUMBER_OBJECT_CONVERSION = YES_AGGRESSIVE;
				CLANG_CXX_LANGUAGE_STANDARD = "gnu++20";
				CLANG_ENABLE_MODULES = YES;
				CLANG_ENABLE_OBJC_ARC = YES;
				CLANG_ENABLE_OBJC_WEAK = YES;
				CLANG_WARN_BLOCK_CAPTURE_AUTORELEASING = YES;
				CLANG_WARN_BOOL_CONVERSION = YES;
				CLANG_WARN_COMMA = YES;
				CLANG_WARN_CONSTANT_CONVERSION = YES;
				CLANG_WARN_DEPRECATED_OBJC_IMPLEMENTATIONS = YES;
				CLANG_WARN_DIRECT_OBJC_ISA_USAGE = YES_ERROR;
				CLANG_WARN_DOCUMENTATION_COMMENTS = YES;
				CLANG_WARN_EMPTY_BODY = YES;
				CLANG_WARN_ENUM_CONVERSION = YES;
				CLANG_WARN_INFINITE_RECURSION = YES;
				CLANG_WARN_INT_CONVERSION = YES;
				CLANG_WARN_NON_LITERAL_NULL_CONVERSION = YES;
				CLANG_WARN_OBJC_IMPLICIT_RETAIN_SELF = YES;
				CLANG_WARN_OBJC_LITERAL_CONVERSION = YES;
				CLANG_WARN_OBJC_ROOT_CLASS = YES_ERROR;
				CLANG_WARN_QUOTED_INCLUDE_IN_FRAMEWORK_HEADER = YES;
				CLANG_WARN_RANGE_LOOP_ANALYSIS = YES;
				CLANG_WARN_STRICT_PROTOTYPES = YES;
				CLANG_WARN_SUSPICIOUS_MOVE = YES;
				CLANG_WARN_UNGUARDED_AVAILABILITY = YES_AGGRESSIVE;
				CLANG_WARN_UNREACHABLE_CODE = YES;
				CLANG_WARN__DUPLICATE_METHOD_MATCH = YES;
				COPY_PHASE_STRIP = NO;
				DEBUG_INFORMATION_FORMAT = "dwarf-with-dsym";
				ENABLE_NS_ASSERTIONS = NO;
				ENABLE_STRICT_OBJC_MSGSEND = YES;
				ENABLE_USER_SCRIPT_SANDBOXING = YES;
				GCC_C_LANGUAGE_STANDARD = gnu17;
				GCC_NO_COMMON_BLOCKS = YES;
				GCC_WARN_64_TO_32_BIT_CONVERSION = YES;
				GCC_WARN_ABOUT_RETURN_TYPE = YES_ERROR;
				GCC_WARN_UNDECLARED_SELECTOR = YES;
				GCC_WARN_UNINITIALIZED_AUTOS = YES_AGGRESSIVE;
				GCC_WARN_UNUSED_FUNCTION = YES;
				GCC_WARN_UNUSED_VARIABLE = YES;
				IPHONEOS_DEPLOYMENT_TARGET = 17.0;
				LOCALIZATION_PREFERS_STRING_CATALOGS = YES;
				MTL_ENABLE_DEBUG_INFO = NO;
				MTL_FAST_MATH = YES;
				SDKROOT = iphoneos;
				SWIFT_COMPILATION_MODE = wholemodule;
				VALIDATE_PRODUCT = YES;
			};
			name = Release;
		};
		7223B7B52AE00F2700A763E9 /* Debug */ = {
			isa = XCBuildConfiguration;
			buildSettings = {
				ASSETCATALOG_COMPILER_APPICON_NAME = AppIcon;
				ASSETCATALOG_COMPILER_GLOBAL_ACCENT_COLOR_NAME = AccentColor;
				ASSETCATALOG_COMPILER_INCLUDE_ALL_APPICON_ASSETS = NO;
				CODE_SIGN_STYLE = Automatic;
				CURRENT_PROJECT_VERSION = 1;
				DEVELOPMENT_TEAM = 6ULV77C4SH;
				ENABLE_USER_SCRIPT_SANDBOXING = NO;
				GENERATE_INFOPLIST_FILE = YES;
				INFOPLIST_FILE = "IDEATHON-ImageReplacement-Info.plist";
				INFOPLIST_KEY_NSCameraUsageDescription = "";
				INFOPLIST_KEY_UIApplicationSupportsIndirectInputEvents = YES;
				INFOPLIST_KEY_UILaunchStoryboardName = LaunchScreen.storyboard;
				INFOPLIST_KEY_UIMainStoryboardFile = Main;
				INFOPLIST_KEY_UIRequiredDeviceCapabilities = arkit;
				INFOPLIST_KEY_UIStatusBarHidden = YES;
				INFOPLIST_KEY_UISupportedInterfaceOrientations = "UIInterfaceOrientationLandscapeLeft UIInterfaceOrientationLandscapeRight UIInterfaceOrientationPortrait";
				INFOPLIST_KEY_UISupportedInterfaceOrientations_iPad = "UIInterfaceOrientationLandscapeLeft UIInterfaceOrientationLandscapeRight";
				LD_RUNPATH_SEARCH_PATHS = (
					"$(inherited)",
					"@executable_path/Frameworks",
				);
				MARKETING_VERSION = 1.0;
				PRODUCT_BUNDLE_IDENTIFIER = "HPC.IDEATHON-ImageReplacement";
				PRODUCT_NAME = "$(TARGET_NAME)";
				SWIFT_EMIT_LOC_STRINGS = YES;
				SWIFT_VERSION = 5.0;
				TARGETED_DEVICE_FAMILY = "1,2";
			};
			name = Debug;
		};
		7223B7B62AE00F2700A763E9 /* Release */ = {
			isa = XCBuildConfiguration;
			buildSettings = {
				ASSETCATALOG_COMPILER_APPICON_NAME = AppIcon;
				ASSETCATALOG_COMPILER_GLOBAL_ACCENT_COLOR_NAME = AccentColor;
				ASSETCATALOG_COMPILER_INCLUDE_ALL_APPICON_ASSETS = NO;
				CODE_SIGN_STYLE = Automatic;
				CURRENT_PROJECT_VERSION = 1;
				DEVELOPMENT_TEAM = 6ULV77C4SH;
				ENABLE_USER_SCRIPT_SANDBOXING = NO;
				GENERATE_INFOPLIST_FILE = YES;
				INFOPLIST_FILE = "IDEATHON-ImageReplacement-Info.plist";
				INFOPLIST_KEY_NSCameraUsageDescription = "";
				INFOPLIST_KEY_UIApplicationSupportsIndirectInputEvents = YES;
				INFOPLIST_KEY_UILaunchStoryboardName = LaunchScreen.storyboard;
				INFOPLIST_KEY_UIMainStoryboardFile = Main;
				INFOPLIST_KEY_UIRequiredDeviceCapabilities = arkit;
				INFOPLIST_KEY_UIStatusBarHidden = YES;
				INFOPLIST_KEY_UISupportedInterfaceOrientations = "UIInterfaceOrientationLandscapeLeft UIInterfaceOrientationLandscapeRight UIInterfaceOrientationPortrait";
				INFOPLIST_KEY_UISupportedInterfaceOrientations_iPad = "UIInterfaceOrientationLandscapeLeft UIInterfaceOrientationLandscapeRight";
				LD_RUNPATH_SEARCH_PATHS = (
					"$(inherited)",
					"@executable_path/Frameworks",
				);
				MARKETING_VERSION = 1.0;
				PRODUCT_BUNDLE_IDENTIFIER = "HPC.IDEATHON-ImageReplacement";
				PRODUCT_NAME = "$(TARGET_NAME)";
				SWIFT_EMIT_LOC_STRINGS = YES;
				SWIFT_VERSION = 5.0;
				TARGETED_DEVICE_FAMILY = "1,2";
			};
			name = Release;
		};
/* End XCBuildConfiguration section */

/* Begin XCConfigurationList section */
		7223B79F2AE00F2600A763E9 /* Build configuration list for PBXProject "IDEATHON_ImageReplacement" */ = {
			isa = XCConfigurationList;
			buildConfigurations = (
				7223B7B22AE00F2700A763E9 /* Debug */,
				7223B7B32AE00F2700A763E9 /* Release */,
			);
			defaultConfigurationIsVisible = 0;
			defaultConfigurationName = Release;
		};
		7223B7B42AE00F2700A763E9 /* Build configuration list for PBXNativeTarget "IDEATHON_ImageReplacement" */ = {
			isa = XCConfigurationList;
			buildConfigurations = (
				7223B7B52AE00F2700A763E9 /* Debug */,
				7223B7B62AE00F2700A763E9 /* Release */,
			);
			defaultConfigurationIsVisible = 0;
			defaultConfigurationName = Release;
		};
/* End XCConfigurationList section */
	};
	rootObject = 7223B79C2AE00F2600A763E9 /* Project object */;
}
